// !$*UTF8*$!
{
	archiveVersion = 1;
	classes = {
	};
	objectVersion = 46;
	objects = {

/* Begin PBXBuildFile section */
		447B7D771BA4F36F00F2979F /* SOX_Alpha.swift in Sources */ = {isa = PBXBuildFile; fileRef = 447B7D761BA4F36F00F2979F /* SOX_Alpha.swift */; };
		447B7D791BA4F37C00F2979F /* Main.storyboard in Resources */ = {isa = PBXBuildFile; fileRef = 447B7D781BA4F37C00F2979F /* Main.storyboard */; };
		F17C9CAC1B98D9B00023156E /* AppDelegate.swift in Sources */ = {isa = PBXBuildFile; fileRef = F17C9CAB1B98D9B00023156E /* AppDelegate.swift */; };
		F17C9CAE1B98D9B00023156E /* ViewController.swift in Sources */ = {isa = PBXBuildFile; fileRef = F17C9CAD1B98D9B00023156E /* ViewController.swift */; };
		F17C9CB31B98D9B00023156E /* Assets.xcassets in Resources */ = {isa = PBXBuildFile; fileRef = F17C9CB21B98D9B00023156E /* Assets.xcassets */; };
		F17C9CB61B98D9B00023156E /* LaunchScreen.storyboard in Resources */ = {isa = PBXBuildFile; fileRef = F17C9CB41B98D9B00023156E /* LaunchScreen.storyboard */; };
		F17C9CC11B98D9B00023156E /* Introductory_Team_Project_SimonTests.swift in Sources */ = {isa = PBXBuildFile; fileRef = F17C9CC01B98D9B00023156E /* Introductory_Team_Project_SimonTests.swift */; };
		F17C9CCC1B98D9B00023156E /* Introductory_Team_Project_SimonUITests.swift in Sources */ = {isa = PBXBuildFile; fileRef = F17C9CCB1B98D9B00023156E /* Introductory_Team_Project_SimonUITests.swift */; };
		F1C1A25C1B9BCF7300B95E31 /* SimonGame.swift in Sources */ = {isa = PBXBuildFile; fileRef = F1C1A25B1B9BCF7300B95E31 /* SimonGame.swift */; settings = {ASSET_TAGS = (); }; };
/* End PBXBuildFile section */

/* Begin PBXContainerItemProxy section */
		F17C9CBD1B98D9B00023156E /* PBXContainerItemProxy */ = {
			isa = PBXContainerItemProxy;
			containerPortal = F17C9CA01B98D9B00023156E /* Project object */;
			proxyType = 1;
			remoteGlobalIDString = F17C9CA71B98D9B00023156E;
			remoteInfo = "Introductory-Team-Project-Simon";
		};
		F17C9CC81B98D9B00023156E /* PBXContainerItemProxy */ = {
			isa = PBXContainerItemProxy;
			containerPortal = F17C9CA01B98D9B00023156E /* Project object */;
			proxyType = 1;
			remoteGlobalIDString = F17C9CA71B98D9B00023156E;
			remoteInfo = "Introductory-Team-Project-Simon";
		};
/* End PBXContainerItemProxy section */

/* Begin PBXFileReference section */
		447B7D761BA4F36F00F2979F /* SOX_Alpha.swift */ = {isa = PBXFileReference; fileEncoding = 4; lastKnownFileType = sourcecode.swift; path = SOX_Alpha.swift; sourceTree = "<group>"; };
		447B7D781BA4F37C00F2979F /* Main.storyboard */ = {isa = PBXFileReference; fileEncoding = 4; lastKnownFileType = file.storyboard; path = Main.storyboard; sourceTree = "<group>"; };
		F17C9CA81B98D9B00023156E /* Introductory-Team-Project-Simon.app */ = {isa = PBXFileReference; explicitFileType = wrapper.application; includeInIndex = 0; path = "Introductory-Team-Project-Simon.app"; sourceTree = BUILT_PRODUCTS_DIR; };
		F17C9CAB1B98D9B00023156E /* AppDelegate.swift */ = {isa = PBXFileReference; lastKnownFileType = sourcecode.swift; path = AppDelegate.swift; sourceTree = "<group>"; };
		F17C9CAD1B98D9B00023156E /* ViewController.swift */ = {isa = PBXFileReference; lastKnownFileType = sourcecode.swift; path = ViewController.swift; sourceTree = "<group>"; };
		F17C9CB21B98D9B00023156E /* Assets.xcassets */ = {isa = PBXFileReference; lastKnownFileType = folder.assetcatalog; path = Assets.xcassets; sourceTree = "<group>"; };
		F17C9CB51B98D9B00023156E /* Base */ = {isa = PBXFileReference; lastKnownFileType = file.storyboard; name = Base; path = Base.lproj/LaunchScreen.storyboard; sourceTree = "<group>"; };
		F17C9CB71B98D9B00023156E /* Info.plist */ = {isa = PBXFileReference; lastKnownFileType = text.plist.xml; path = Info.plist; sourceTree = "<group>"; };
		F17C9CBC1B98D9B00023156E /* Introductory-Team-Project-SimonTests.xctest */ = {isa = PBXFileReference; explicitFileType = wrapper.cfbundle; includeInIndex = 0; path = "Introductory-Team-Project-SimonTests.xctest"; sourceTree = BUILT_PRODUCTS_DIR; };
		F17C9CC01B98D9B00023156E /* Introductory_Team_Project_SimonTests.swift */ = {isa = PBXFileReference; lastKnownFileType = sourcecode.swift; path = Introductory_Team_Project_SimonTests.swift; sourceTree = "<group>"; };
		F17C9CC21B98D9B00023156E /* Info.plist */ = {isa = PBXFileReference; lastKnownFileType = text.plist.xml; path = Info.plist; sourceTree = "<group>"; };
		F17C9CC71B98D9B00023156E /* Introductory-Team-Project-SimonUITests.xctest */ = {isa = PBXFileReference; explicitFileType = wrapper.cfbundle; includeInIndex = 0; path = "Introductory-Team-Project-SimonUITests.xctest"; sourceTree = BUILT_PRODUCTS_DIR; };
		F17C9CCB1B98D9B00023156E /* Introductory_Team_Project_SimonUITests.swift */ = {isa = PBXFileReference; lastKnownFileType = sourcecode.swift; path = Introductory_Team_Project_SimonUITests.swift; sourceTree = "<group>"; };
		F17C9CCD1B98D9B00023156E /* Info.plist */ = {isa = PBXFileReference; lastKnownFileType = text.plist.xml; path = Info.plist; sourceTree = "<group>"; };
		F1C1A25B1B9BCF7300B95E31 /* SimonGame.swift */ = {isa = PBXFileReference; fileEncoding = 4; lastKnownFileType = sourcecode.swift; path = SimonGame.swift; sourceTree = "<group>"; };
/* End PBXFileReference section */

/* Begin PBXFrameworksBuildPhase section */
		F17C9CA51B98D9B00023156E /* Frameworks */ = {
			isa = PBXFrameworksBuildPhase;
			buildActionMask = 2147483647;
			files = (
			);
			runOnlyForDeploymentPostprocessing = 0;
		};
		F17C9CB91B98D9B00023156E /* Frameworks */ = {
			isa = PBXFrameworksBuildPhase;
			buildActionMask = 2147483647;
			files = (
			);
			runOnlyForDeploymentPostprocessing = 0;
		};
		F17C9CC41B98D9B00023156E /* Frameworks */ = {
			isa = PBXFrameworksBuildPhase;
			buildActionMask = 2147483647;
			files = (
			);
			runOnlyForDeploymentPostprocessing = 0;
		};
/* End PBXFrameworksBuildPhase section */

/* Begin PBXGroup section */
		F17C9C9F1B98D9B00023156E = {
			isa = PBXGroup;
			children = (
				F17C9CAA1B98D9B00023156E /* Introductory-Team-Project-Simon */,
				F17C9CBF1B98D9B00023156E /* Introductory-Team-Project-SimonTests */,
				F17C9CCA1B98D9B00023156E /* Introductory-Team-Project-SimonUITests */,
				F17C9CA91B98D9B00023156E /* Products */,
			);
			sourceTree = "<group>";
		};
		F17C9CA91B98D9B00023156E /* Products */ = {
			isa = PBXGroup;
			children = (
				F17C9CA81B98D9B00023156E /* Introductory-Team-Project-Simon.app */,
				F17C9CBC1B98D9B00023156E /* Introductory-Team-Project-SimonTests.xctest */,
				F17C9CC71B98D9B00023156E /* Introductory-Team-Project-SimonUITests.xctest */,
			);
			name = Products;
			sourceTree = "<group>";
		};
		F17C9CAA1B98D9B00023156E /* Introductory-Team-Project-Simon */ = {
			isa = PBXGroup;
			children = (
				F17C9CAB1B98D9B00023156E /* AppDelegate.swift */,
				F17C9CAD1B98D9B00023156E /* ViewController.swift */,
				F1C1A25B1B9BCF7300B95E31 /* SimonGame.swift */,
				447B7D761BA4F36F00F2979F /* SOX_Alpha.swift */,
				447B7D781BA4F37C00F2979F /* Main.storyboard */,
				F17C9CB21B98D9B00023156E /* Assets.xcassets */,
				F17C9CB41B98D9B00023156E /* LaunchScreen.storyboard */,
				F17C9CB71B98D9B00023156E /* Info.plist */,
			);
			path = "Introductory-Team-Project-Simon";
			sourceTree = "<group>";
		};
		F17C9CBF1B98D9B00023156E /* Introductory-Team-Project-SimonTests */ = {
			isa = PBXGroup;
			children = (
				F17C9CC01B98D9B00023156E /* Introductory_Team_Project_SimonTests.swift */,
				F17C9CC21B98D9B00023156E /* Info.plist */,
			);
			path = "Introductory-Team-Project-SimonTests";
			sourceTree = "<group>";
		};
		F17C9CCA1B98D9B00023156E /* Introductory-Team-Project-SimonUITests */ = {
			isa = PBXGroup;
			children = (
				F17C9CCB1B98D9B00023156E /* Introductory_Team_Project_SimonUITests.swift */,
				F17C9CCD1B98D9B00023156E /* Info.plist */,
			);
			path = "Introductory-Team-Project-SimonUITests";
			sourceTree = "<group>";
		};
/* End PBXGroup section */

/* Begin PBXNativeTarget section */
		F17C9CA71B98D9B00023156E /* Introductory-Team-Project-Simon */ = {
			isa = PBXNativeTarget;
			buildConfigurationList = F17C9CD01B98D9B00023156E /* Build configuration list for PBXNativeTarget "Introductory-Team-Project-Simon" */;
			buildPhases = (
				F17C9CA41B98D9B00023156E /* Sources */,
				F17C9CA51B98D9B00023156E /* Frameworks */,
				F17C9CA61B98D9B00023156E /* Resources */,
			);
			buildRules = (
			);
			dependencies = (
			);
			name = "Introductory-Team-Project-Simon";
			productName = "Introductory-Team-Project-Simon";
			productReference = F17C9CA81B98D9B00023156E /* Introductory-Team-Project-Simon.app */;
			productType = "com.apple.product-type.application";
		};
		F17C9CBB1B98D9B00023156E /* Introductory-Team-Project-SimonTests */ = {
			isa = PBXNativeTarget;
			buildConfigurationList = F17C9CD31B98D9B00023156E /* Build configuration list for PBXNativeTarget "Introductory-Team-Project-SimonTests" */;
			buildPhases = (
				F17C9CB81B98D9B00023156E /* Sources */,
				F17C9CB91B98D9B00023156E /* Frameworks */,
				F17C9CBA1B98D9B00023156E /* Resources */,
			);
			buildRules = (
			);
			dependencies = (
				F17C9CBE1B98D9B00023156E /* PBXTargetDependency */,
			);
			name = "Introductory-Team-Project-SimonTests";
			productName = "Introductory-Team-Project-SimonTests";
			productReference = F17C9CBC1B98D9B00023156E /* Introductory-Team-Project-SimonTests.xctest */;
			productType = "com.apple.product-type.bundle.unit-test";
		};
		F17C9CC61B98D9B00023156E /* Introductory-Team-Project-SimonUITests */ = {
			isa = PBXNativeTarget;
			buildConfigurationList = F17C9CD61B98D9B00023156E /* Build configuration list for PBXNativeTarget "Introductory-Team-Project-SimonUITests" */;
			buildPhases = (
				F17C9CC31B98D9B00023156E /* Sources */,
				F17C9CC41B98D9B00023156E /* Frameworks */,
				F17C9CC51B98D9B00023156E /* Resources */,
			);
			buildRules = (
			);
			dependencies = (
				F17C9CC91B98D9B00023156E /* PBXTargetDependency */,
			);
			name = "Introductory-Team-Project-SimonUITests";
			productName = "Introductory-Team-Project-SimonUITests";
			productReference = F17C9CC71B98D9B00023156E /* Introductory-Team-Project-SimonUITests.xctest */;
			productType = "com.apple.product-type.bundle.ui-testing";
		};
/* End PBXNativeTarget section */

/* Begin PBXProject section */
		F17C9CA01B98D9B00023156E /* Project object */ = {
			isa = PBXProject;
			attributes = {
				LastUpgradeCheck = 0700;
				ORGANIZATIONNAME = "Team Blue Mobile App 2015";
				TargetAttributes = {
					F17C9CA71B98D9B00023156E = {
						CreatedOnToolsVersion = 7.0;
					};
					F17C9CBB1B98D9B00023156E = {
						CreatedOnToolsVersion = 7.0;
						TestTargetID = F17C9CA71B98D9B00023156E;
					};
					F17C9CC61B98D9B00023156E = {
						CreatedOnToolsVersion = 7.0;
						TestTargetID = F17C9CA71B98D9B00023156E;
					};
				};
			};
			buildConfigurationList = F17C9CA31B98D9B00023156E /* Build configuration list for PBXProject "Introductory-Team-Project-Simon" */;
			compatibilityVersion = "Xcode 3.2";
			developmentRegion = English;
			hasScannedForEncodings = 0;
			knownRegions = (
				en,
				Base,
			);
			mainGroup = F17C9C9F1B98D9B00023156E;
			productRefGroup = F17C9CA91B98D9B00023156E /* Products */;
			projectDirPath = "";
			projectRoot = "";
			targets = (
				F17C9CA71B98D9B00023156E /* Introductory-Team-Project-Simon */,
				F17C9CBB1B98D9B00023156E /* Introductory-Team-Project-SimonTests */,
				F17C9CC61B98D9B00023156E /* Introductory-Team-Project-SimonUITests */,
			);
		};
/* End PBXProject section */

/* Begin PBXResourcesBuildPhase section */
		F17C9CA61B98D9B00023156E /* Resources */ = {
			isa = PBXResourcesBuildPhase;
			buildActionMask = 2147483647;
			files = (
				F17C9CB61B98D9B00023156E /* LaunchScreen.storyboard in Resources */,
				F17C9CB31B98D9B00023156E /* Assets.xcassets in Resources */,
				447B7D791BA4F37C00F2979F /* Main.storyboard in Resources */,
			);
			runOnlyForDeploymentPostprocessing = 0;
		};
		F17C9CBA1B98D9B00023156E /* Resources */ = {
			isa = PBXResourcesBuildPhase;
			buildActionMask = 2147483647;
			files = (
			);
			runOnlyForDeploymentPostprocessing = 0;
		};
		F17C9CC51B98D9B00023156E /* Resources */ = {
			isa = PBXResourcesBuildPhase;
			buildActionMask = 2147483647;
			files = (
			);
			runOnlyForDeploymentPostprocessing = 0;
		};
/* End PBXResourcesBuildPhase section */

/* Begin PBXSourcesBuildPhase section */
		F17C9CA41B98D9B00023156E /* Sources */ = {
			isa = PBXSourcesBuildPhase;
			buildActionMask = 2147483647;
			files = (
				F17C9CAE1B98D9B00023156E /* ViewController.swift in Sources */,
				447B7D771BA4F36F00F2979F /* SOX_Alpha.swift in Sources */,
				F17C9CAC1B98D9B00023156E /* AppDelegate.swift in Sources */,
				F1C1A25C1B9BCF7300B95E31 /* SimonGame.swift in Sources */,
			);
			runOnlyForDeploymentPostprocessing = 0;
		};
		F17C9CB81B98D9B00023156E /* Sources */ = {
			isa = PBXSourcesBuildPhase;
			buildActionMask = 2147483647;
			files = (
				F17C9CC11B98D9B00023156E /* Introductory_Team_Project_SimonTests.swift in Sources */,
			);
			runOnlyForDeploymentPostprocessing = 0;
		};
		F17C9CC31B98D9B00023156E /* Sources */ = {
			isa = PBXSourcesBuildPhase;
			buildActionMask = 2147483647;
			files = (
				F17C9CCC1B98D9B00023156E /* Introductory_Team_Project_SimonUITests.swift in Sources */,
			);
			runOnlyForDeploymentPostprocessing = 0;
		};
/* End PBXSourcesBuildPhase section */

/* Begin PBXTargetDependency section */
		F17C9CBE1B98D9B00023156E /* PBXTargetDependency */ = {
			isa = PBXTargetDependency;
			target = F17C9CA71B98D9B00023156E /* Introductory-Team-Project-Simon */;
			targetProxy = F17C9CBD1B98D9B00023156E /* PBXContainerItemProxy */;
		};
		F17C9CC91B98D9B00023156E /* PBXTargetDependency */ = {
			isa = PBXTargetDependency;
			target = F17C9CA71B98D9B00023156E /* Introductory-Team-Project-Simon */;
			targetProxy = F17C9CC81B98D9B00023156E /* PBXContainerItemProxy */;
		};
/* End PBXTargetDependency section */

/* Begin PBXVariantGroup section */
		F17C9CB41B98D9B00023156E /* LaunchScreen.storyboard */ = {
			isa = PBXVariantGroup;
			children = (
				F17C9CB51B98D9B00023156E /* Base */,
			);
			name = LaunchScreen.storyboard;
			sourceTree = "<group>";
		};
/* End PBXVariantGroup section */

/* Begin XCBuildConfiguration section */
		F17C9CCE1B98D9B00023156E /* Debug */ = {
			isa = XCBuildConfiguration;
			buildSettings = {
				ALWAYS_SEARCH_USER_PATHS = NO;
				CLANG_CXX_LANGUAGE_STANDARD = "gnu++0x";
				CLANG_CXX_LIBRARY = "libc++";
				CLANG_ENABLE_MODULES = YES;
				CLANG_ENABLE_OBJC_ARC = YES;
				CLANG_WARN_BOOL_CONVERSION = YES;
				CLANG_WARN_CONSTANT_CONVERSION = YES;
				CLANG_WARN_DIRECT_OBJC_ISA_USAGE = YES_ERROR;
				CLANG_WARN_EMPTY_BODY = YES;
				CLANG_WARN_ENUM_CONVERSION = YES;
				CLANG_WARN_INT_CONVERSION = YES;
				CLANG_WARN_OBJC_ROOT_CLASS = YES_ERROR;
				CLANG_WARN_UNREACHABLE_CODE = YES;
				CLANG_WARN__DUPLICATE_METHOD_MATCH = YES;
				"CODE_SIGN_IDENTITY[sdk=iphoneos*]" = "iPhone Developer";
				COPY_PHASE_STRIP = NO;
				DEBUG_INFORMATION_FORMAT = dwarf;
				ENABLE_STRICT_OBJC_MSGSEND = YES;
				ENABLE_TESTABILITY = YES;
				GCC_C_LANGUAGE_STANDARD = gnu99;
				GCC_DYNAMIC_NO_PIC = NO;
				GCC_NO_COMMON_BLOCKS = YES;
				GCC_OPTIMIZATION_LEVEL = 0;
				GCC_PREPROCESSOR_DEFINITIONS = (
					"DEBUG=1",
					"$(inherited)",
				);
				GCC_WARN_64_TO_32_BIT_CONVERSION = YES;
				GCC_WARN_ABOUT_RETURN_TYPE = YES_ERROR;
				GCC_WARN_UNDECLARED_SELECTOR = YES;
				GCC_WARN_UNINITIALIZED_AUTOS = YES_AGGRESSIVE;
				GCC_WARN_UNUSED_FUNCTION = YES;
				GCC_WARN_UNUSED_VARIABLE = YES;
				IPHONEOS_DEPLOYMENT_TARGET = 9.0;
				MTL_ENABLE_DEBUG_INFO = YES;
				ONLY_ACTIVE_ARCH = YES;
				SDKROOT = iphoneos;
				SWIFT_OPTIMIZATION_LEVEL = "-Onone";
			};
			name = Debug;
		};
		F17C9CCF1B98D9B00023156E /* Release */ = {
			isa = XCBuildConfiguration;
			buildSettings = {
				ALWAYS_SEARCH_USER_PATHS = NO;
				CLANG_CXX_LANGUAGE_STANDARD = "gnu++0x";
				CLANG_CXX_LIBRARY = "libc++";
				CLANG_ENABLE_MODULES = YES;
				CLANG_ENABLE_OBJC_ARC = YES;
				CLANG_WARN_BOOL_CONVERSION = YES;
				CLANG_WARN_CONSTANT_CONVERSION = YES;
				CLANG_WARN_DIRECT_OBJC_ISA_USAGE = YES_ERROR;
				CLANG_WARN_EMPTY_BODY = YES;
				CLANG_WARN_ENUM_CONVERSION = YES;
				CLANG_WARN_INT_CONVERSION = YES;
				CLANG_WARN_OBJC_ROOT_CLASS = YES_ERROR;
				CLANG_WARN_UNREACHABLE_CODE = YES;
				CLANG_WARN__DUPLICATE_METHOD_MATCH = YES;
				"CODE_SIGN_IDENTITY[sdk=iphoneos*]" = "iPhone Developer";
				COPY_PHASE_STRIP = NO;
				DEBUG_INFORMATION_FORMAT = "dwarf-with-dsym";
				ENABLE_NS_ASSERTIONS = NO;
				ENABLE_STRICT_OBJC_MSGSEND = YES;
				GCC_C_LANGUAGE_STANDARD = gnu99;
				GCC_NO_COMMON_BLOCKS = YES;
				GCC_WARN_64_TO_32_BIT_CONVERSION = YES;
				GCC_WARN_ABOUT_RETURN_TYPE = YES_ERROR;
				GCC_WARN_UNDECLARED_SELECTOR = YES;
				GCC_WARN_UNINITIALIZED_AUTOS = YES_AGGRESSIVE;
				GCC_WARN_UNUSED_FUNCTION = YES;
				GCC_WARN_UNUSED_VARIABLE = YES;
				IPHONEOS_DEPLOYMENT_TARGET = 9.0;
				MTL_ENABLE_DEBUG_INFO = NO;
				SDKROOT = iphoneos;
				VALIDATE_PRODUCT = YES;
			};
			name = Release;
		};
		F17C9CD11B98D9B00023156E /* Debug */ = {
			isa = XCBuildConfiguration;
			buildSettings = {
				ASSETCATALOG_COMPILER_APPICON_NAME = AppIcon;
				INFOPLIST_FILE = "Introductory-Team-Project-Simon/Info.plist";
				LD_RUNPATH_SEARCH_PATHS = "$(inherited) @executable_path/Frameworks";
				PRODUCT_BUNDLE_IDENTIFIER = "TeamBlue.Introductory-Team-Project-Simon";
				PRODUCT_NAME = "$(TARGET_NAME)";
			};
			name = Debug;
		};
		F17C9CD21B98D9B00023156E /* Release */ = {
			isa = XCBuildConfiguration;
			buildSettings = {
				ASSETCATALOG_COMPILER_APPICON_NAME = AppIcon;
				INFOPLIST_FILE = "Introductory-Team-Project-Simon/Info.plist";
				LD_RUNPATH_SEARCH_PATHS = "$(inherited) @executable_path/Frameworks";
				PRODUCT_BUNDLE_IDENTIFIER = "TeamBlue.Introductory-Team-Project-Simon";
				PRODUCT_NAME = "$(TARGET_NAME)";
			};
			name = Release;
		};
		F17C9CD41B98D9B00023156E /* Debug */ = {
			isa = XCBuildConfiguration;
			buildSettings = {
				BUNDLE_LOADER = "$(TEST_HOST)";
				INFOPLIST_FILE = "Introductory-Team-Project-SimonTests/Info.plist";
				LD_RUNPATH_SEARCH_PATHS = "$(inherited) @executable_path/Frameworks @loader_path/Frameworks";
				PRODUCT_BUNDLE_IDENTIFIER = "TeamBlue.Introductory-Team-Project-SimonTests";
				PRODUCT_NAME = "$(TARGET_NAME)";
				TEST_HOST = "$(BUILT_PRODUCTS_DIR)/Introductory-Team-Project-Simon.app/Introductory-Team-Project-Simon";
			};
			name = Debug;
		};
		F17C9CD51B98D9B00023156E /* Release */ = {
			isa = XCBuildConfiguration;
			buildSettings = {
				BUNDLE_LOADER = "$(TEST_HOST)";
				INFOPLIST_FILE = "Introductory-Team-Project-SimonTests/Info.plist";
				LD_RUNPATH_SEARCH_PATHS = "$(inherited) @executable_path/Frameworks @loader_path/Frameworks";
				PRODUCT_BUNDLE_IDENTIFIER = "TeamBlue.Introductory-Team-Project-SimonTests";
				PRODUCT_NAME = "$(TARGET_NAME)";
				TEST_HOST = "$(BUILT_PRODUCTS_DIR)/Introductory-Team-Project-Simon.app/Introductory-Team-Project-Simon";
			};
			name = Release;
		};
		F17C9CD71B98D9B00023156E /* Debug */ = {
			isa = XCBuildConfiguration;
			buildSettings = {
				INFOPLIST_FILE = "Introductory-Team-Project-SimonUITests/Info.plist";
				LD_RUNPATH_SEARCH_PATHS = "$(inherited) @executable_path/Frameworks @loader_path/Frameworks";
				PRODUCT_BUNDLE_IDENTIFIER = "TeamBlue.Introductory-Team-Project-SimonUITests";
				PRODUCT_NAME = "$(TARGET_NAME)";
				TEST_TARGET_NAME = "Introductory-Team-Project-Simon";
				USES_XCTRUNNER = YES;
			};
			name = Debug;
		};
		F17C9CD81B98D9B00023156E /* Release */ = {
			isa = XCBuildConfiguration;
			buildSettings = {
				INFOPLIST_FILE = "Introductory-Team-Project-SimonUITests/Info.plist";
				LD_RUNPATH_SEARCH_PATHS = "$(inherited) @executable_path/Frameworks @loader_path/Frameworks";
				PRODUCT_BUNDLE_IDENTIFIER = "TeamBlue.Introductory-Team-Project-SimonUITests";
				PRODUCT_NAME = "$(TARGET_NAME)";
				TEST_TARGET_NAME = "Introductory-Team-Project-Simon";
				USES_XCTRUNNER = YES;
			};
			name = Release;
		};
/* End XCBuildConfiguration section */

/* Begin XCConfigurationList section */
		F17C9CA31B98D9B00023156E /* Build configuration list for PBXProject "Introductory-Team-Project-Simon" */ = {
			isa = XCConfigurationList;
			buildConfigurations = (
				F17C9CCE1B98D9B00023156E /* Debug */,
				F17C9CCF1B98D9B00023156E /* Release */,
			);
			defaultConfigurationIsVisible = 0;
			defaultConfigurationName = Release;
		};
		F17C9CD01B98D9B00023156E /* Build configuration list for PBXNativeTarget "Introductory-Team-Project-Simon" */ = {
			isa = XCConfigurationList;
			buildConfigurations = (
				F17C9CD11B98D9B00023156E /* Debug */,
				F17C9CD21B98D9B00023156E /* Release */,
			);
			defaultConfigurationIsVisible = 0;
			defaultConfigurationName = Release;
		};
		F17C9CD31B98D9B00023156E /* Build configuration list for PBXNativeTarget "Introductory-Team-Project-SimonTests" */ = {
			isa = XCConfigurationList;
			buildConfigurations = (
				F17C9CD41B98D9B00023156E /* Debug */,
				F17C9CD51B98D9B00023156E /* Release */,
			);
			defaultConfigurationIsVisible = 0;
			defaultConfigurationName = Release;
		};
		F17C9CD61B98D9B00023156E /* Build configuration list for PBXNativeTarget "Introductory-Team-Project-SimonUITests" */ = {
			isa = XCConfigurationList;
			buildConfigurations = (
				F17C9CD71B98D9B00023156E /* Debug */,
				F17C9CD81B98D9B00023156E /* Release */,
			);
			defaultConfigurationIsVisible = 0;
			defaultConfigurationName = Release;
		};
/* End XCConfigurationList section */
	};
	rootObject = F17C9CA01B98D9B00023156E /* Project object */;
}
